
Microsoft Visual Studio Solution File, Format Version 12.00
# Visual Studio Version 16
VisualStudioVersion = 16.0.31105.61
MinimumVisualStudioVersion = 10.0.40219.1
Project("{FAE04EC0-301F-11D3-BF4B-00C04F79EFBC}") = "LAB2_Net", "LAB2_Net\LAB2_Net.csproj", "{2926A82F-E443-46A7-B817-BFCA222B1ABE}"
EndProject
Global
	GlobalSection(SolutionConfigurationPlatforms) = preSolution
		Debug|Any CPU = Debug|Any CPU
		Release|Any CPU = Release|Any CPU
	EndGlobalSection
	GlobalSection(ProjectConfigurationPlatforms) = postSolution
		{2926A82F-E443-46A7-B817-BFCA222B1ABE}.Debug|Any CPU.ActiveCfg = Debug|Any CPU
		{2926A82F-E443-46A7-B817-BFCA222B1ABE}.Debug|Any CPU.Build.0 = Debug|Any CPU
		{2926A82F-E443-46A7-B817-BFCA222B1ABE}.Release|Any CPU.ActiveCfg = Release|Any CPU
		{2926A82F-E443-46A7-B817-BFCA222B1ABE}.Release|Any CPU.Build.0 = Release|Any CPU
	EndGlobalSection
	GlobalSection(SolutionProperties) = preSolution
		HideSolutionNode = FALSE
	EndGlobalSection
	GlobalSection(ExtensibilityGlobals) = postSolution
		SolutionGuid = {116251C9-F947-4455-B8F1-7B059F12365B}
	EndGlobalSection
EndGlobal
